// !$*UTF8*$!
{
	archiveVersion = 1;
	classes = {
	};
	objectVersion = 55;
	objects = {

/* Begin PBXBuildFile section */
		C01F230B27B572DE00BE737A /* Extensions.swift in Sources */ = {isa = PBXBuildFile; fileRef = C01F230A27B572DE00BE737A /* Extensions.swift */; };
		C01F230F27B5732C00BE737A /* LocationManager.swift in Sources */ = {isa = PBXBuildFile; fileRef = C01F230E27B5732C00BE737A /* LocationManager.swift */; };
		C01F231127B5734200BE737A /* WeatherManager.swift in Sources */ = {isa = PBXBuildFile; fileRef = C01F231027B5734200BE737A /* WeatherManager.swift */; };
		C01F231427B5736300BE737A /* WeatherRow.swift in Sources */ = {isa = PBXBuildFile; fileRef = C01F231327B5736300BE737A /* WeatherRow.swift */; };
		C01F231727B573C600BE737A /* ModelData.swift in Sources */ = {isa = PBXBuildFile; fileRef = C01F231627B573C600BE737A /* ModelData.swift */; };
		C01F231927B573E600BE737A /* WeatherData.json in Resources */ = {isa = PBXBuildFile; fileRef = C01F231827B573E600BE737A /* WeatherData.json */; };
		C08ECA5727B570C2008910E1 /* MeterologyApp.swift in Sources */ = {isa = PBXBuildFile; fileRef = C08ECA5627B570C2008910E1 /* MeterologyApp.swift */; };
		C08ECA5927B570C2008910E1 /* ContentView.swift in Sources */ = {isa = PBXBuildFile; fileRef = C08ECA5827B570C2008910E1 /* ContentView.swift */; };
		C08ECA5B27B570C3008910E1 /* Assets.xcassets in Resources */ = {isa = PBXBuildFile; fileRef = C08ECA5A27B570C3008910E1 /* Assets.xcassets */; };
		C08ECA5E27B570C3008910E1 /* Preview Assets.xcassets in Resources */ = {isa = PBXBuildFile; fileRef = C08ECA5D27B570C3008910E1 /* Preview Assets.xcassets */; };
		C08ECA6627B57176008910E1 /* LoadingView.swift in Sources */ = {isa = PBXBuildFile; fileRef = C08ECA6527B57176008910E1 /* LoadingView.swift */; };
		C08ECA6827B571B3008910E1 /* WeatherView.swift in Sources */ = {isa = PBXBuildFile; fileRef = C08ECA6727B571B3008910E1 /* WeatherView.swift */; };
		C08ECA6A27B571C7008910E1 /* WelcomeView.swift in Sources */ = {isa = PBXBuildFile; fileRef = C08ECA6927B571C7008910E1 /* WelcomeView.swift */; };
/* End PBXBuildFile section */

/* Begin PBXFileReference section */
		C01F230A27B572DE00BE737A /* Extensions.swift */ = {isa = PBXFileReference; lastKnownFileType = sourcecode.swift; path = Extensions.swift; sourceTree = "<group>"; };
		C01F230E27B5732C00BE737A /* LocationManager.swift */ = {isa = PBXFileReference; lastKnownFileType = sourcecode.swift; path = LocationManager.swift; sourceTree = "<group>"; };
		C01F231027B5734200BE737A /* WeatherManager.swift */ = {isa = PBXFileReference; lastKnownFileType = sourcecode.swift; path = WeatherManager.swift; sourceTree = "<group>"; };
		C01F231327B5736300BE737A /* WeatherRow.swift */ = {isa = PBXFileReference; lastKnownFileType = sourcecode.swift; path = WeatherRow.swift; sourceTree = "<group>"; };
		C01F231627B573C600BE737A /* ModelData.swift */ = {isa = PBXFileReference; lastKnownFileType = sourcecode.swift; path = ModelData.swift; sourceTree = "<group>"; };
		C01F231827B573E600BE737A /* WeatherData.json */ = {isa = PBXFileReference; lastKnownFileType = text.json; path = WeatherData.json; sourceTree = "<group>"; };
		C08ECA5327B570C2008910E1 /* Meterology.app */ = {isa = PBXFileReference; explicitFileType = wrapper.application; includeInIndex = 0; path = Meterology.app; sourceTree = BUILT_PRODUCTS_DIR; };
		C08ECA5627B570C2008910E1 /* MeterologyApp.swift */ = {isa = PBXFileReference; lastKnownFileType = sourcecode.swift; path = MeterologyApp.swift; sourceTree = "<group>"; };
		C08ECA5827B570C2008910E1 /* ContentView.swift */ = {isa = PBXFileReference; lastKnownFileType = sourcecode.swift; path = ContentView.swift; sourceTree = "<group>"; };
		C08ECA5A27B570C3008910E1 /* Assets.xcassets */ = {isa = PBXFileReference; lastKnownFileType = folder.assetcatalog; path = Assets.xcassets; sourceTree = "<group>"; };
		C08ECA5D27B570C3008910E1 /* Preview Assets.xcassets */ = {isa = PBXFileReference; lastKnownFileType = folder.assetcatalog; path = "Preview Assets.xcassets"; sourceTree = "<group>"; };
		C08ECA6527B57176008910E1 /* LoadingView.swift */ = {isa = PBXFileReference; lastKnownFileType = sourcecode.swift; path = LoadingView.swift; sourceTree = "<group>"; };
		C08ECA6727B571B3008910E1 /* WeatherView.swift */ = {isa = PBXFileReference; lastKnownFileType = sourcecode.swift; path = WeatherView.swift; sourceTree = "<group>"; };
		C08ECA6927B571C7008910E1 /* WelcomeView.swift */ = {isa = PBXFileReference; lastKnownFileType = sourcecode.swift; path = WelcomeView.swift; sourceTree = "<group>"; };
/* End PBXFileReference section */

/* Begin PBXFrameworksBuildPhase section */
		C08ECA5027B570C2008910E1 /* Frameworks */ = {
			isa = PBXFrameworksBuildPhase;
			buildActionMask = 2147483647;
			files = (
			);
			runOnlyForDeploymentPostprocessing = 0;
		};
/* End PBXFrameworksBuildPhase section */

/* Begin PBXGroup section */
		C01F230D27B5731D00BE737A /* Managers */ = {
			isa = PBXGroup;
			children = (
				C01F230E27B5732C00BE737A /* LocationManager.swift */,
				C01F231027B5734200BE737A /* WeatherManager.swift */,
			);
			path = Managers;
			sourceTree = "<group>";
		};
		C01F231227B5734E00BE737A /* Components */ = {
			isa = PBXGroup;
			children = (
				C01F231327B5736300BE737A /* WeatherRow.swift */,
			);
			path = Components;
			sourceTree = "<group>";
		};
		C08ECA4A27B570C2008910E1 = {
			isa = PBXGroup;
			children = (
				C08ECA5527B570C2008910E1 /* Meterology */,
				C08ECA5427B570C2008910E1 /* Products */,
			);
			sourceTree = "<group>";
		};
		C08ECA5427B570C2008910E1 /* Products */ = {
			isa = PBXGroup;
			children = (
				C08ECA5327B570C2008910E1 /* Meterology.app */,
			);
			name = Products;
			sourceTree = "<group>";
		};
		C08ECA5527B570C2008910E1 /* Meterology */ = {
			isa = PBXGroup;
			children = (
				C01F231227B5734E00BE737A /* Components */,
				C01F230D27B5731D00BE737A /* Managers */,
				C08ECA6427B5714C008910E1 /* Views */,
				C08ECA5627B570C2008910E1 /* MeterologyApp.swift */,
				C01F230A27B572DE00BE737A /* Extensions.swift */,
				C08ECA5A27B570C3008910E1 /* Assets.xcassets */,
				C08ECA5C27B570C3008910E1 /* Preview Content */,
			);
			path = Meterology;
			sourceTree = "<group>";
		};
		C08ECA5C27B570C3008910E1 /* Preview Content */ = {
			isa = PBXGroup;
			children = (
				C01F231627B573C600BE737A /* ModelData.swift */,
				C08ECA5D27B570C3008910E1 /* Preview Assets.xcassets */,
				C01F231827B573E600BE737A /* WeatherData.json */,
			);
			path = "Preview Content";
			sourceTree = "<group>";
		};
		C08ECA6427B5714C008910E1 /* Views */ = {
			isa = PBXGroup;
			children = (
				C08ECA5827B570C2008910E1 /* ContentView.swift */,
				C08ECA6527B57176008910E1 /* LoadingView.swift */,
				C08ECA6727B571B3008910E1 /* WeatherView.swift */,
				C08ECA6927B571C7008910E1 /* WelcomeView.swift */,
			);
			path = Views;
			sourceTree = "<group>";
		};
/* End PBXGroup section */

/* Begin PBXNativeTarget section */
		C08ECA5227B570C2008910E1 /* Meterology */ = {
			isa = PBXNativeTarget;
			buildConfigurationList = C08ECA6127B570C3008910E1 /* Build configuration list for PBXNativeTarget "Meterology" */;
			buildPhases = (
				C08ECA4F27B570C2008910E1 /* Sources */,
				C08ECA5027B570C2008910E1 /* Frameworks */,
				C08ECA5127B570C2008910E1 /* Resources */,
			);
			buildRules = (
			);
			dependencies = (
			);
			name = Meterology;
			productName = Meterology;
			productReference = C08ECA5327B570C2008910E1 /* Meterology.app */;
			productType = "com.apple.product-type.application";
		};
/* End PBXNativeTarget section */

/* Begin PBXProject section */
		C08ECA4B27B570C2008910E1 /* Project object */ = {
			isa = PBXProject;
			attributes = {
				BuildIndependentTargetsInParallel = 1;
				LastSwiftUpdateCheck = 1320;
				LastUpgradeCheck = 1320;
				TargetAttributes = {
					C08ECA5227B570C2008910E1 = {
						CreatedOnToolsVersion = 13.2.1;
					};
				};
			};
			buildConfigurationList = C08ECA4E27B570C2008910E1 /* Build configuration list for PBXProject "Meterology" */;
			compatibilityVersion = "Xcode 13.0";
			developmentRegion = en;
			hasScannedForEncodings = 0;
			knownRegions = (
				en,
				Base,
			);
			mainGroup = C08ECA4A27B570C2008910E1;
			productRefGroup = C08ECA5427B570C2008910E1 /* Products */;
			projectDirPath = "";
			projectRoot = "";
			targets = (
				C08ECA5227B570C2008910E1 /* Meterology */,
			);
		};
/* End PBXProject section */

/* Begin PBXResourcesBuildPhase section */
		C08ECA5127B570C2008910E1 /* Resources */ = {
			isa = PBXResourcesBuildPhase;
			buildActionMask = 2147483647;
			files = (
				C01F231927B573E600BE737A /* WeatherData.json in Resources */,
				C08ECA5E27B570C3008910E1 /* Preview Assets.xcassets in Resources */,
				C08ECA5B27B570C3008910E1 /* Assets.xcassets in Resources */,
			);
			runOnlyForDeploymentPostprocessing = 0;
		};
/* End PBXResourcesBuildPhase section */

/* Begin PBXSourcesBuildPhase section */
		C08ECA4F27B570C2008910E1 /* Sources */ = {
			isa = PBXSourcesBuildPhase;
			buildActionMask = 2147483647;
			files = (
				C08ECA6A27B571C7008910E1 /* WelcomeView.swift in Sources */,
				C01F230B27B572DE00BE737A /* Extensions.swift in Sources */,
				C01F231127B5734200BE737A /* WeatherManager.swift in Sources */,
				C01F231427B5736300BE737A /* WeatherRow.swift in Sources */,
				C08ECA5927B570C2008910E1 /* ContentView.swift in Sources */,
				C01F230F27B5732C00BE737A /* LocationManager.swift in Sources */,
				C08ECA5727B570C2008910E1 /* MeterologyApp.swift in Sources */,
				C01F231727B573C600BE737A /* ModelData.swift in Sources */,
				C08ECA6627B57176008910E1 /* LoadingView.swift in Sources */,
				C08ECA6827B571B3008910E1 /* WeatherView.swift in Sources */,
			);
			runOnlyForDeploymentPostprocessing = 0;
		};
/* End PBXSourcesBuildPhase section */

/* Begin XCBuildConfiguration section */
		C08ECA5F27B570C3008910E1 /* Debug */ = {
			isa = XCBuildConfiguration;
			buildSettings = {
				ALWAYS_SEARCH_USER_PATHS = NO;
				CLANG_ANALYZER_NONNULL = YES;
				CLANG_ANALYZER_NUMBER_OBJECT_CONVERSION = YES_AGGRESSIVE;
				CLANG_CXX_LANGUAGE_STANDARD = "gnu++17";
				CLANG_CXX_LIBRARY = "libc++";
				CLANG_ENABLE_MODULES = YES;
				CLANG_ENABLE_OBJC_ARC = YES;
				CLANG_ENABLE_OBJC_WEAK = YES;
				CLANG_WARN_BLOCK_CAPTURE_AUTORELEASING = YES;
				CLANG_WARN_BOOL_CONVERSION = YES;
				CLANG_WARN_COMMA = YES;
				CLANG_WARN_CONSTANT_CONVERSION = YES;
				CLANG_WARN_DEPRECATED_OBJC_IMPLEMENTATIONS = YES;
				CLANG_WARN_DIRECT_OBJC_ISA_USAGE = YES_ERROR;
				CLANG_WARN_DOCUMENTATION_COMMENTS = YES;
				CLANG_WARN_EMPTY_BODY = YES;
				CLANG_WARN_ENUM_CONVERSION = YES;
				CLANG_WARN_INFINITE_RECURSION = YES;
				CLANG_WARN_INT_CONVERSION = YES;
				CLANG_WARN_NON_LITERAL_NULL_CONVERSION = YES;
				CLANG_WARN_OBJC_IMPLICIT_RETAIN_SELF = YES;
				CLANG_WARN_OBJC_LITERAL_CONVERSION = YES;
				CLANG_WARN_OBJC_ROOT_CLASS = YES_ERROR;
				CLANG_WARN_QUOTED_INCLUDE_IN_FRAMEWORK_HEADER = YES;
				CLANG_WARN_RANGE_LOOP_ANALYSIS = YES;
				CLANG_WARN_STRICT_PROTOTYPES = YES;
				CLANG_WARN_SUSPICIOUS_MOVE = YES;
				CLANG_WARN_UNGUARDED_AVAILABILITY = YES_AGGRESSIVE;
				CLANG_WARN_UNREACHABLE_CODE = YES;
				CLANG_WARN__DUPLICATE_METHOD_MATCH = YES;
				COPY_PHASE_STRIP = NO;
				DEBUG_INFORMATION_FORMAT = dwarf;
				ENABLE_STRICT_OBJC_MSGSEND = YES;
				ENABLE_TESTABILITY = YES;
				GCC_C_LANGUAGE_STANDARD = gnu11;
				GCC_DYNAMIC_NO_PIC = NO;
				GCC_NO_COMMON_BLOCKS = YES;
				GCC_OPTIMIZATION_LEVEL = 0;
				GCC_PREPROCESSOR_DEFINITIONS = (
					"DEBUG=1",
					"$(inherited)",
				);
				GCC_WARN_64_TO_32_BIT_CONVERSION = YES;
				GCC_WARN_ABOUT_RETURN_TYPE = YES_ERROR;
				GCC_WARN_UNDECLARED_SELECTOR = YES;
				GCC_WARN_UNINITIALIZED_AUTOS = YES_AGGRESSIVE;
				GCC_WARN_UNUSED_FUNCTION = YES;
				GCC_WARN_UNUSED_VARIABLE = YES;
				IPHONEOS_DEPLOYMENT_TARGET = 15.2;
				MTL_ENABLE_DEBUG_INFO = INCLUDE_SOURCE;
				MTL_FAST_MATH = YES;
				ONLY_ACTIVE_ARCH = YES;
				SDKROOT = iphoneos;
				SWIFT_ACTIVE_COMPILATION_CONDITIONS = DEBUG;
				SWIFT_OPTIMIZATION_LEVEL = "-Onone";
			};
			name = Debug;
		};
		C08ECA6027B570C3008910E1 /* Release */ = {
			isa = XCBuildConfiguration;
			buildSettings = {
				ALWAYS_SEARCH_USER_PATHS = NO;
				CLANG_ANALYZER_NONNULL = YES;
				CLANG_ANALYZER_NUMBER_OBJECT_CONVERSION = YES_AGGRESSIVE;
				CLANG_CXX_LANGUAGE_STANDARD = "gnu++17";
				CLANG_CXX_LIBRARY = "libc++";
				CLANG_ENABLE_MODULES = YES;
				CLANG_ENABLE_OBJC_ARC = YES;
				CLANG_ENABLE_OBJC_WEAK = YES;
				CLANG_WARN_BLOCK_CAPTURE_AUTORELEASING = YES;
				CLANG_WARN_BOOL_CONVERSION = YES;
				CLANG_WARN_COMMA = YES;
				CLANG_WARN_CONSTANT_CONVERSION = YES;
				CLANG_WARN_DEPRECATED_OBJC_IMPLEMENTATIONS = YES;
				CLANG_WARN_DIRECT_OBJC_ISA_USAGE = YES_ERROR;
				CLANG_WARN_DOCUMENTATION_COMMENTS = YES;
				CLANG_WARN_EMPTY_BODY = YES;
				CLANG_WARN_ENUM_CONVERSION = YES;
				CLANG_WARN_INFINITE_RECURSION = YES;
				CLANG_WARN_INT_CONVERSION = YES;
				CLANG_WARN_NON_LITERAL_NULL_CONVERSION = YES;
				CLANG_WARN_OBJC_IMPLICIT_RETAIN_SELF = YES;
				CLANG_WARN_OBJC_LITERAL_CONVERSION = YES;
				CLANG_WARN_OBJC_ROOT_CLASS = YES_ERROR;
				CLANG_WARN_QUOTED_INCLUDE_IN_FRAMEWORK_HEADER = YES;
				CLANG_WARN_RANGE_LOOP_ANALYSIS = YES;
				CLANG_WARN_STRICT_PROTOTYPES = YES;
				CLANG_WARN_SUSPICIOUS_MOVE = YES;
				CLANG_WARN_UNGUARDED_AVAILABILITY = YES_AGGRESSIVE;
				CLANG_WARN_UNREACHABLE_CODE = YES;
				CLANG_WARN__DUPLICATE_METHOD_MATCH = YES;
				COPY_PHASE_STRIP = NO;
				DEBUG_INFORMATION_FORMAT = "dwarf-with-dsym";
				ENABLE_NS_ASSERTIONS = NO;
				ENABLE_STRICT_OBJC_MSGSEND = YES;
				GCC_C_LANGUAGE_STANDARD = gnu11;
				GCC_NO_COMMON_BLOCKS = YES;
				GCC_WARN_64_TO_32_BIT_CONVERSION = YES;
				GCC_WARN_ABOUT_RETURN_TYPE = YES_ERROR;
				GCC_WARN_UNDECLARED_SELECTOR = YES;
				GCC_WARN_UNINITIALIZED_AUTOS = YES_AGGRESSIVE;
				GCC_WARN_UNUSED_FUNCTION = YES;
				GCC_WARN_UNUSED_VARIABLE = YES;
				IPHONEOS_DEPLOYMENT_TARGET = 15.2;
				MTL_ENABLE_DEBUG_INFO = NO;
				MTL_FAST_MATH = YES;
				SDKROOT = iphoneos;
				SWIFT_COMPILATION_MODE = wholemodule;
				SWIFT_OPTIMIZATION_LEVEL = "-O";
				VALIDATE_PRODUCT = YES;
			};
			name = Release;
		};
		C08ECA6227B570C3008910E1 /* Debug */ = {
			isa = XCBuildConfiguration;
			buildSettings = {
				ASSETCATALOG_COMPILER_APPICON_NAME = AppIcon;
				ASSETCATALOG_COMPILER_GLOBAL_ACCENT_COLOR_NAME = AccentColor;
				CODE_SIGN_STYLE = Automatic;
				CURRENT_PROJECT_VERSION = 1;
				DEVELOPMENT_ASSET_PATHS = "\"Meterology/Preview Content\"";
				DEVELOPMENT_TEAM = Q8Q4RHHMN7;
				ENABLE_PREVIEWS = YES;
				GENERATE_INFOPLIST_FILE = YES;
				INFOPLIST_KEY_UIApplicationSceneManifest_Generation = YES;
				INFOPLIST_KEY_UIApplicationSupportsIndirectInputEvents = YES;
				INFOPLIST_KEY_UILaunchScreen_Generation = YES;
				INFOPLIST_KEY_UISupportedInterfaceOrientations_iPad = "UIInterfaceOrientationPortrait UIInterfaceOrientationPortraitUpsideDown UIInterfaceOrientationLandscapeLeft UIInterfaceOrientationLandscapeRight";
				INFOPLIST_KEY_UISupportedInterfaceOrientations_iPhone = "UIInterfaceOrientationPortrait UIInterfaceOrientationLandscapeLeft UIInterfaceOrientationLandscapeRight";
				LD_RUNPATH_SEARCH_PATHS = (
					"$(inherited)",
					"@executable_path/Frameworks",
				);
				MARKETING_VERSION = 1.0;
				PRODUCT_BUNDLE_IDENTIFIER = com.berkd.Meterology;
				PRODUCT_NAME = "$(TARGET_NAME)";
				SWIFT_EMIT_LOC_STRINGS = YES;
				SWIFT_VERSION = 5.0;
				TARGETED_DEVICE_FAMILY = "1,2";
			};
			name = Debug;
		};
		C08ECA6327B570C3008910E1 /* Release */ = {
			isa = XCBuildConfiguration;
			buildSettings = {
				ASSETCATALOG_COMPILER_APPICON_NAME = AppIcon;
				ASSETCATALOG_COMPILER_GLOBAL_ACCENT_COLOR_NAME = AccentColor;
				CODE_SIGN_STYLE = Automatic;
				CURRENT_PROJECT_VERSION = 1;
				DEVELOPMENT_ASSET_PATHS = "\"Meterology/Preview Content\"";
				DEVELOPMENT_TEAM = Q8Q4RHHMN7;
				ENABLE_PREVIEWS = YES;
				GENERATE_INFOPLIST_FILE = YES;
				INFOPLIST_KEY_UIApplicationSceneManifest_Generation = YES;
				INFOPLIST_KEY_UIApplicationSupportsIndirectInputEvents = YES;
				INFOPLIST_KEY_UILaunchScreen_Generation = YES;
				INFOPLIST_KEY_UISupportedInterfaceOrientations_iPad = "UIInterfaceOrientationPortrait UIInterfaceOrientationPortraitUpsideDown UIInterfaceOrientationLandscapeLeft UIInterfaceOrientationLandscapeRight";
				INFOPLIST_KEY_UISupportedInterfaceOrientations_iPhone = "UIInterfaceOrientationPortrait UIInterfaceOrientationLandscapeLeft UIInterfaceOrientationLandscapeRight";
				LD_RUNPATH_SEARCH_PATHS = (
					"$(inherited)",
					"@executable_path/Frameworks",
				);
				MARKETING_VERSION = 1.0;
				PRODUCT_BUNDLE_IDENTIFIER = com.berkd.Meterology;
				PRODUCT_NAME = "$(TARGET_NAME)";
				SWIFT_EMIT_LOC_STRINGS = YES;
				SWIFT_VERSION = 5.0;
				TARGETED_DEVICE_FAMILY = "1,2";
			};
			name = Release;
		};
/* End XCBuildConfiguration section */

/* Begin XCConfigurationList section */
		C08ECA4E27B570C2008910E1 /* Build configuration list for PBXProject "Meterology" */ = {
			isa = XCConfigurationList;
			buildConfigurations = (
				C08ECA5F27B570C3008910E1 /* Debug */,
				C08ECA6027B570C3008910E1 /* Release */,
			);
			defaultConfigurationIsVisible = 0;
			defaultConfigurationName = Release;
		};
		C08ECA6127B570C3008910E1 /* Build configuration list for PBXNativeTarget "Meterology" */ = {
			isa = XCConfigurationList;
			buildConfigurations = (
				C08ECA6227B570C3008910E1 /* Debug */,
				C08ECA6327B570C3008910E1 /* Release */,
			);
			defaultConfigurationIsVisible = 0;
			defaultConfigurationName = Release;
		};
/* End XCConfigurationList section */
	};
	rootObject = C08ECA4B27B570C2008910E1 /* Project object */;
}
